// !$*UTF8*$!
{
	archiveVersion = 1;
	classes = {
	};
	objectVersion = 46;
	objects = {

/* Begin PBXBuildFile section */
		BF18F6E41D47A9C1009E7649 /* AppDelegate.swift in Sources */ = {isa = PBXBuildFile; fileRef = BF18F6E31D47A9C1009E7649 /* AppDelegate.swift */; };
		BF18F6E61D47A9C1009E7649 /* ViewController.swift in Sources */ = {isa = PBXBuildFile; fileRef = BF18F6E51D47A9C1009E7649 /* ViewController.swift */; };
		BF18F6E91D47A9C1009E7649 /* Main.storyboard in Resources */ = {isa = PBXBuildFile; fileRef = BF18F6E71D47A9C1009E7649 /* Main.storyboard */; };
		BF18F6EB1D47A9C1009E7649 /* Assets.xcassets in Resources */ = {isa = PBXBuildFile; fileRef = BF18F6EA1D47A9C1009E7649 /* Assets.xcassets */; };
		BF18F6EE1D47A9C1009E7649 /* LaunchScreen.storyboard in Resources */ = {isa = PBXBuildFile; fileRef = BF18F6EC1D47A9C1009E7649 /* LaunchScreen.storyboard */; };
		BF18F6F91D47A9C1009E7649 /* FitSwiftTests.swift in Sources */ = {isa = PBXBuildFile; fileRef = BF18F6F81D47A9C1009E7649 /* FitSwiftTests.swift */; };
		BF18F7041D47A9C1009E7649 /* FitSwiftUITests.swift in Sources */ = {isa = PBXBuildFile; fileRef = BF18F7031D47A9C1009E7649 /* FitSwiftUITests.swift */; };
		BF18F7121D47AB20009E7649 /* 1.png in Resources */ = {isa = PBXBuildFile; fileRef = BF18F7111D47AB20009E7649 /* 1.png */; };
/* End PBXBuildFile section */

/* Begin PBXContainerItemProxy section */
		BF18F6F51D47A9C1009E7649 /* PBXContainerItemProxy */ = {
			isa = PBXContainerItemProxy;
			containerPortal = BF18F6D81D47A9C1009E7649 /* Project object */;
			proxyType = 1;
			remoteGlobalIDString = BF18F6DF1D47A9C1009E7649;
			remoteInfo = FitSwift;
		};
		BF18F7001D47A9C1009E7649 /* PBXContainerItemProxy */ = {
			isa = PBXContainerItemProxy;
			containerPortal = BF18F6D81D47A9C1009E7649 /* Project object */;
			proxyType = 1;
			remoteGlobalIDString = BF18F6DF1D47A9C1009E7649;
			remoteInfo = FitSwift;
		};
/* End PBXContainerItemProxy section */

/* Begin PBXFileReference section */
		BF18F6E01D47A9C1009E7649 /* FitSwift.app */ = {isa = PBXFileReference; explicitFileType = wrapper.application; includeInIndex = 0; path = FitSwift.app; sourceTree = BUILT_PRODUCTS_DIR; };
		BF18F6E31D47A9C1009E7649 /* AppDelegate.swift */ = {isa = PBXFileReference; lastKnownFileType = sourcecode.swift; path = AppDelegate.swift; sourceTree = "<group>"; };
		BF18F6E51D47A9C1009E7649 /* ViewController.swift */ = {isa = PBXFileReference; lastKnownFileType = sourcecode.swift; path = ViewController.swift; sourceTree = "<group>"; };
		BF18F6E81D47A9C1009E7649 /* Base */ = {isa = PBXFileReference; lastKnownFileType = file.storyboard; name = Base; path = Base.lproj/Main.storyboard; sourceTree = "<group>"; };
		BF18F6EA1D47A9C1009E7649 /* Assets.xcassets */ = {isa = PBXFileReference; lastKnownFileType = folder.assetcatalog; path = Assets.xcassets; sourceTree = "<group>"; };
		BF18F6ED1D47A9C1009E7649 /* Base */ = {isa = PBXFileReference; lastKnownFileType = file.storyboard; name = Base; path = Base.lproj/LaunchScreen.storyboard; sourceTree = "<group>"; };
		BF18F6EF1D47A9C1009E7649 /* Info.plist */ = {isa = PBXFileReference; lastKnownFileType = text.plist.xml; path = Info.plist; sourceTree = "<group>"; };
		BF18F6F41D47A9C1009E7649 /* FitSwiftTests.xctest */ = {isa = PBXFileReference; explicitFileType = wrapper.cfbundle; includeInIndex = 0; path = FitSwiftTests.xctest; sourceTree = BUILT_PRODUCTS_DIR; };
		BF18F6F81D47A9C1009E7649 /* FitSwiftTests.swift */ = {isa = PBXFileReference; lastKnownFileType = sourcecode.swift; path = FitSwiftTests.swift; sourceTree = "<group>"; };
		BF18F6FA1D47A9C1009E7649 /* Info.plist */ = {isa = PBXFileReference; lastKnownFileType = text.plist.xml; path = Info.plist; sourceTree = "<group>"; };
		BF18F6FF1D47A9C1009E7649 /* FitSwiftUITests.xctest */ = {isa = PBXFileReference; explicitFileType = wrapper.cfbundle; includeInIndex = 0; path = FitSwiftUITests.xctest; sourceTree = BUILT_PRODUCTS_DIR; };
		BF18F7031D47A9C1009E7649 /* FitSwiftUITests.swift */ = {isa = PBXFileReference; lastKnownFileType = sourcecode.swift; path = FitSwiftUITests.swift; sourceTree = "<group>"; };
		BF18F7051D47A9C1009E7649 /* Info.plist */ = {isa = PBXFileReference; lastKnownFileType = text.plist.xml; path = Info.plist; sourceTree = "<group>"; };
		BF18F7111D47AB20009E7649 /* 1.png */ = {isa = PBXFileReference; lastKnownFileType = image.png; path = 1.png; sourceTree = "<group>"; };
/* End PBXFileReference section */

/* Begin PBXFrameworksBuildPhase section */
		BF18F6DD1D47A9C1009E7649 /* Frameworks */ = {
			isa = PBXFrameworksBuildPhase;
			buildActionMask = 2147483647;
			files = (
			);
			runOnlyForDeploymentPostprocessing = 0;
		};
		BF18F6F11D47A9C1009E7649 /* Frameworks */ = {
			isa = PBXFrameworksBuildPhase;
			buildActionMask = 2147483647;
			files = (
			);
			runOnlyForDeploymentPostprocessing = 0;
		};
		BF18F6FC1D47A9C1009E7649 /* Frameworks */ = {
			isa = PBXFrameworksBuildPhase;
			buildActionMask = 2147483647;
			files = (
			);
			runOnlyForDeploymentPostprocessing = 0;
		};
/* End PBXFrameworksBuildPhase section */

/* Begin PBXGroup section */
		BF18F6D71D47A9C1009E7649 = {
			isa = PBXGroup;
			children = (
				BF18F6E21D47A9C1009E7649 /* FitSwift */,
				BF18F6F71D47A9C1009E7649 /* FitSwiftTests */,
				BF18F7021D47A9C1009E7649 /* FitSwiftUITests */,
				BF18F6E11D47A9C1009E7649 /* Products */,
			);
			sourceTree = "<group>";
		};
		BF18F6E11D47A9C1009E7649 /* Products */ = {
			isa = PBXGroup;
			children = (
				BF18F6E01D47A9C1009E7649 /* FitSwift.app */,
				BF18F6F41D47A9C1009E7649 /* FitSwiftTests.xctest */,
				BF18F6FF1D47A9C1009E7649 /* FitSwiftUITests.xctest */,
			);
			name = Products;
			sourceTree = "<group>";
		};
		BF18F6E21D47A9C1009E7649 /* FitSwift */ = {
			isa = PBXGroup;
			children = (
				BF18F6E31D47A9C1009E7649 /* AppDelegate.swift */,
				BF18F7111D47AB20009E7649 /* 1.png */,
				BF18F6E51D47A9C1009E7649 /* ViewController.swift */,
				BF18F6E71D47A9C1009E7649 /* Main.storyboard */,
				BF18F6EA1D47A9C1009E7649 /* Assets.xcassets */,
				BF18F6EC1D47A9C1009E7649 /* LaunchScreen.storyboard */,
				BF18F6EF1D47A9C1009E7649 /* Info.plist */,
			);
			path = FitSwift;
			sourceTree = "<group>";
		};
		BF18F6F71D47A9C1009E7649 /* FitSwiftTests */ = {
			isa = PBXGroup;
			children = (
				BF18F6F81D47A9C1009E7649 /* FitSwiftTests.swift */,
				BF18F6FA1D47A9C1009E7649 /* Info.plist */,
			);
			path = FitSwiftTests;
			sourceTree = "<group>";
		};
		BF18F7021D47A9C1009E7649 /* FitSwiftUITests */ = {
			isa = PBXGroup;
			children = (
				BF18F7031D47A9C1009E7649 /* FitSwiftUITests.swift */,
				BF18F7051D47A9C1009E7649 /* Info.plist */,
			);
			path = FitSwiftUITests;
			sourceTree = "<group>";
		};
/* End PBXGroup section */

/* Begin PBXNativeTarget section */
		BF18F6DF1D47A9C1009E7649 /* FitSwift */ = {
			isa = PBXNativeTarget;
			buildConfigurationList = BF18F7081D47A9C1009E7649 /* Build configuration list for PBXNativeTarget "FitSwift" */;
			buildPhases = (
				BF18F6DC1D47A9C1009E7649 /* Sources */,
				BF18F6DD1D47A9C1009E7649 /* Frameworks */,
				BF18F6DE1D47A9C1009E7649 /* Resources */,
			);
			buildRules = (
			);
			dependencies = (
			);
			name = FitSwift;
			productName = FitSwift;
			productReference = BF18F6E01D47A9C1009E7649 /* FitSwift.app */;
			productType = "com.apple.product-type.application";
		};
		BF18F6F31D47A9C1009E7649 /* FitSwiftTests */ = {
			isa = PBXNativeTarget;
			buildConfigurationList = BF18F70B1D47A9C1009E7649 /* Build configuration list for PBXNativeTarget "FitSwiftTests" */;
			buildPhases = (
				BF18F6F01D47A9C1009E7649 /* Sources */,
				BF18F6F11D47A9C1009E7649 /* Frameworks */,
				BF18F6F21D47A9C1009E7649 /* Resources */,
			);
			buildRules = (
			);
			dependencies = (
				BF18F6F61D47A9C1009E7649 /* PBXTargetDependency */,
			);
			name = FitSwiftTests;
			productName = FitSwiftTests;
			productReference = BF18F6F41D47A9C1009E7649 /* FitSwiftTests.xctest */;
			productType = "com.apple.product-type.bundle.unit-test";
		};
		BF18F6FE1D47A9C1009E7649 /* FitSwiftUITests */ = {
			isa = PBXNativeTarget;
			buildConfigurationList = BF18F70E1D47A9C1009E7649 /* Build configuration list for PBXNativeTarget "FitSwiftUITests" */;
			buildPhases = (
				BF18F6FB1D47A9C1009E7649 /* Sources */,
				BF18F6FC1D47A9C1009E7649 /* Frameworks */,
				BF18F6FD1D47A9C1009E7649 /* Resources */,
			);
			buildRules = (
			);
			dependencies = (
				BF18F7011D47A9C1009E7649 /* PBXTargetDependency */,
			);
			name = FitSwiftUITests;
			productName = FitSwiftUITests;
			productReference = BF18F6FF1D47A9C1009E7649 /* FitSwiftUITests.xctest */;
			productType = "com.apple.product-type.bundle.ui-testing";
		};
/* End PBXNativeTarget section */

/* Begin PBXProject section */
		BF18F6D81D47A9C1009E7649 /* Project object */ = {
			isa = PBXProject;
			attributes = {
				LastSwiftUpdateCheck = 0730;
				LastUpgradeCheck = 0730;
				ORGANIZATIONNAME = "车玉";
				TargetAttributes = {
					BF18F6DF1D47A9C1009E7649 = {
						CreatedOnToolsVersion = 7.3.1;
					};
					BF18F6F31D47A9C1009E7649 = {
						CreatedOnToolsVersion = 7.3.1;
						TestTargetID = BF18F6DF1D47A9C1009E7649;
					};
					BF18F6FE1D47A9C1009E7649 = {
						CreatedOnToolsVersion = 7.3.1;
						TestTargetID = BF18F6DF1D47A9C1009E7649;
					};
				};
			};
			buildConfigurationList = BF18F6DB1D47A9C1009E7649 /* Build configuration list for PBXProject "FitSwift" */;
			compatibilityVersion = "Xcode 3.2";
			developmentRegion = English;
			hasScannedForEncodings = 0;
			knownRegions = (
				en,
				Base,
			);
			mainGroup = BF18F6D71D47A9C1009E7649;
			productRefGroup = BF18F6E11D47A9C1009E7649 /* Products */;
			projectDirPath = "";
			projectRoot = "";
			targets = (
				BF18F6DF1D47A9C1009E7649 /* FitSwift */,
				BF18F6F31D47A9C1009E7649 /* FitSwiftTests */,
				BF18F6FE1D47A9C1009E7649 /* FitSwiftUITests */,
			);
		};
/* End PBXProject section */

/* Begin PBXResourcesBuildPhase section */
		BF18F6DE1D47A9C1009E7649 /* Resources */ = {
			isa = PBXResourcesBuildPhase;
			buildActionMask = 2147483647;
			files = (
				BF18F6EE1D47A9C1009E7649 /* LaunchScreen.storyboard in Resources */,
				BF18F7121D47AB20009E7649 /* 1.png in Resources */,
				BF18F6EB1D47A9C1009E7649 /* Assets.xcassets in Resources */,
				BF18F6E91D47A9C1009E7649 /* Main.storyboard in Resources */,
			);
			runOnlyForDeploymentPostprocessing = 0;
		};
		BF18F6F21D47A9C1009E7649 /* Resources */ = {
			isa = PBXResourcesBuildPhase;
			buildActionMask = 2147483647;
			files = (
			);
			runOnlyForDeploymentPostprocessing = 0;
		};
		BF18F6FD1D47A9C1009E7649 /* Resources */ = {
			isa = PBXResourcesBuildPhase;
			buildActionMask = 2147483647;
			files = (
			);
			runOnlyForDeploymentPostprocessing = 0;
		};
/* End PBXResourcesBuildPhase section */

/* Begin PBXSourcesBuildPhase section */
		BF18F6DC1D47A9C1009E7649 /* Sources */ = {
			isa = PBXSourcesBuildPhase;
			buildActionMask = 2147483647;
			files = (
				BF18F6E61D47A9C1009E7649 /* ViewController.swift in Sources */,
				BF18F6E41D47A9C1009E7649 /* AppDelegate.swift in Sources */,
			);
			runOnlyForDeploymentPostprocessing = 0;
		};
		BF18F6F01D47A9C1009E7649 /* Sources */ = {
			isa = PBXSourcesBuildPhase;
			buildActionMask = 2147483647;
			files = (
				BF18F6F91D47A9C1009E7649 /* FitSwiftTests.swift in Sources */,
			);
			runOnlyForDeploymentPostprocessing = 0;
		};
		BF18F6FB1D47A9C1009E7649 /* Sources */ = {
			isa = PBXSourcesBuildPhase;
			buildActionMask = 2147483647;
			files = (
				BF18F7041D47A9C1009E7649 /* FitSwiftUITests.swift in Sources */,
			);
			runOnlyForDeploymentPostprocessing = 0;
		};
/* End PBXSourcesBuildPhase section */

/* Begin PBXTargetDependency section */
		BF18F6F61D47A9C1009E7649 /* PBXTargetDependency */ = {
			isa = PBXTargetDependency;
			target = BF18F6DF1D47A9C1009E7649 /* FitSwift */;
			targetProxy = BF18F6F51D47A9C1009E7649 /* PBXContainerItemProxy */;
		};
		BF18F7011D47A9C1009E7649 /* PBXTargetDependency */ = {
			isa = PBXTargetDependency;
			target = BF18F6DF1D47A9C1009E7649 /* FitSwift */;
			targetProxy = BF18F7001D47A9C1009E7649 /* PBXContainerItemProxy */;
		};
/* End PBXTargetDependency section */

/* Begin PBXVariantGroup section */
		BF18F6E71D47A9C1009E7649 /* Main.storyboard */ = {
			isa = PBXVariantGroup;
			children = (
				BF18F6E81D47A9C1009E7649 /* Base */,
			);
			name = Main.storyboard;
			sourceTree = "<group>";
		};
		BF18F6EC1D47A9C1009E7649 /* LaunchScreen.storyboard */ = {
			isa = PBXVariantGroup;
			children = (
				BF18F6ED1D47A9C1009E7649 /* Base */,
			);
			name = LaunchScreen.storyboard;
			sourceTree = "<group>";
		};
/* End PBXVariantGroup section */

/* Begin XCBuildConfiguration section */
		BF18F7061D47A9C1009E7649 /* Debug */ = {
			isa = XCBuildConfiguration;
			buildSettings = {
				ALWAYS_SEARCH_USER_PATHS = NO;
				CLANG_ANALYZER_NONNULL = YES;
				CLANG_CXX_LANGUAGE_STANDARD = "gnu++0x";
				CLANG_CXX_LIBRARY = "libc++";
				CLANG_ENABLE_MODULES = YES;
				CLANG_ENABLE_OBJC_ARC = YES;
				CLANG_WARN_BOOL_CONVERSION = YES;
				CLANG_WARN_CONSTANT_CONVERSION = YES;
				CLANG_WARN_DIRECT_OBJC_ISA_USAGE = YES_ERROR;
				CLANG_WARN_EMPTY_BODY = YES;
				CLANG_WARN_ENUM_CONVERSION = YES;
				CLANG_WARN_INT_CONVERSION = YES;
				CLANG_WARN_OBJC_ROOT_CLASS = YES_ERROR;
				CLANG_WARN_UNREACHABLE_CODE = YES;
				CLANG_WARN__DUPLICATE_METHOD_MATCH = YES;
				"CODE_SIGN_IDENTITY[sdk=iphoneos*]" = "iPhone Developer";
				COPY_PHASE_STRIP = NO;
				DEBUG_INFORMATION_FORMAT = dwarf;
				ENABLE_STRICT_OBJC_MSGSEND = YES;
				ENABLE_TESTABILITY = YES;
				GCC_C_LANGUAGE_STANDARD = gnu99;
				GCC_DYNAMIC_NO_PIC = NO;
				GCC_NO_COMMON_BLOCKS = YES;
				GCC_OPTIMIZATION_LEVEL = 0;
				GCC_PREPROCESSOR_DEFINITIONS = (
					"DEBUG=1",
					"$(inherited)",
				);
				GCC_WARN_64_TO_32_BIT_CONVERSION = YES;
				GCC_WARN_ABOUT_RETURN_TYPE = YES_ERROR;
				GCC_WARN_UNDECLARED_SELECTOR = YES;
				GCC_WARN_UNINITIALIZED_AUTOS = YES_AGGRESSIVE;
				GCC_WARN_UNUSED_FUNCTION = YES;
				GCC_WARN_UNUSED_VARIABLE = YES;
				IPHONEOS_DEPLOYMENT_TARGET = 9.3;
				MTL_ENABLE_DEBUG_INFO = YES;
				ONLY_ACTIVE_ARCH = YES;
				SDKROOT = iphoneos;
				SWIFT_OPTIMIZATION_LEVEL = "-Onone";
			};
			name = Debug;
		};
		BF18F7071D47A9C1009E7649 /* Release */ = {
			isa = XCBuildConfiguration;
			buildSettings = {
				ALWAYS_SEARCH_USER_PATHS = NO;
				CLANG_ANALYZER_NONNULL = YES;
				CLANG_CXX_LANGUAGE_STANDARD = "gnu++0x";
				CLANG_CXX_LIBRARY = "libc++";
				CLANG_ENABLE_MODULES = YES;
				CLANG_ENABLE_OBJC_ARC = YES;
				CLANG_WARN_BOOL_CONVERSION = YES;
				CLANG_WARN_CONSTANT_CONVERSION = YES;
				CLANG_WARN_DIRECT_OBJC_ISA_USAGE = YES_ERROR;
				CLANG_WARN_EMPTY_BODY = YES;
				CLANG_WARN_ENUM_CONVERSION = YES;
				CLANG_WARN_INT_CONVERSION = YES;
				CLANG_WARN_OBJC_ROOT_CLASS = YES_ERROR;
				CLANG_WARN_UNREACHABLE_CODE = YES;
				CLANG_WARN__DUPLICATE_METHOD_MATCH = YES;
				"CODE_SIGN_IDENTITY[sdk=iphoneos*]" = "iPhone Developer";
				COPY_PHASE_STRIP = NO;
				DEBUG_INFORMATION_FORMAT = "dwarf-with-dsym";
				ENABLE_NS_ASSERTIONS = NO;
				ENABLE_STRICT_OBJC_MSGSEND = YES;
				GCC_C_LANGUAGE_STANDARD = gnu99;
				GCC_NO_COMMON_BLOCKS = YES;
				GCC_WARN_64_TO_32_BIT_CONVERSION = YES;
				GCC_WARN_ABOUT_RETURN_TYPE = YES_ERROR;
				GCC_WARN_UNDECLARED_SELECTOR = YES;
				GCC_WARN_UNINITIALIZED_AUTOS = YES_AGGRESSIVE;
				GCC_WARN_UNUSED_FUNCTION = YES;
				GCC_WARN_UNUSED_VARIABLE = YES;
				IPHONEOS_DEPLOYMENT_TARGET = 9.3;
				MTL_ENABLE_DEBUG_INFO = NO;
				SDKROOT = iphoneos;
				VALIDATE_PRODUCT = YES;
			};
			name = Release;
		};
		BF18F7091D47A9C1009E7649 /* Debug */ = {
			isa = XCBuildConfiguration;
			buildSettings = {
				ASSETCATALOG_COMPILER_APPICON_NAME = AppIcon;
				INFOPLIST_FILE = FitSwift/Info.plist;
				LD_RUNPATH_SEARCH_PATHS = "$(inherited) @executable_path/Frameworks";
				PRODUCT_BUNDLE_IDENTIFIER = com.cy.FitSwift;
				PRODUCT_NAME = "$(TARGET_NAME)";
			};
			name = Debug;
		};
		BF18F70A1D47A9C1009E7649 /* Release */ = {
			isa = XCBuildConfiguration;
			buildSettings = {
				ASSETCATALOG_COMPILER_APPICON_NAME = AppIcon;
				INFOPLIST_FILE = FitSwift/Info.plist;
				LD_RUNPATH_SEARCH_PATHS = "$(inherited) @executable_path/Frameworks";
				PRODUCT_BUNDLE_IDENTIFIER = com.cy.FitSwift;
				PRODUCT_NAME = "$(TARGET_NAME)";
			};
			name = Release;
		};
		BF18F70C1D47A9C1009E7649 /* Debug */ = {
			isa = XCBuildConfiguration;
			buildSettings = {
				BUNDLE_LOADER = "$(TEST_HOST)";
				INFOPLIST_FILE = FitSwiftTests/Info.plist;
				LD_RUNPATH_SEARCH_PATHS = "$(inherited) @executable_path/Frameworks @loader_path/Frameworks";
				PRODUCT_BUNDLE_IDENTIFIER = com.cy.FitSwiftTests;
				PRODUCT_NAME = "$(TARGET_NAME)";
				TEST_HOST = "$(BUILT_PRODUCTS_DIR)/FitSwift.app/FitSwift";
			};
			name = Debug;
		};
		BF18F70D1D47A9C1009E7649 /* Release */ = {
			isa = XCBuildConfiguration;
			buildSettings = {
				BUNDLE_LOADER = "$(TEST_HOST)";
				INFOPLIST_FILE = FitSwiftTests/Info.plist;
				LD_RUNPATH_SEARCH_PATHS = "$(inherited) @executable_path/Frameworks @loader_path/Frameworks";
				PRODUCT_BUNDLE_IDENTIFIER = com.cy.FitSwiftTests;
				PRODUCT_NAME = "$(TARGET_NAME)";
				TEST_HOST = "$(BUILT_PRODUCTS_DIR)/FitSwift.app/FitSwift";
			};
			name = Release;
		};
		BF18F70F1D47A9C1009E7649 /* Debug */ = {
			isa = XCBuildConfiguration;
			buildSettings = {
				INFOPLIST_FILE = FitSwiftUITests/Info.plist;
				LD_RUNPATH_SEARCH_PATHS = "$(inherited) @executable_path/Frameworks @loader_path/Frameworks";
				PRODUCT_BUNDLE_IDENTIFIER = com.cy.FitSwiftUITests;
				PRODUCT_NAME = "$(TARGET_NAME)";
				TEST_TARGET_NAME = FitSwift;
			};
			name = Debug;
		};
		BF18F7101D47A9C1009E7649 /* Release */ = {
			isa = XCBuildConfiguration;
			buildSettings = {
				INFOPLIST_FILE = FitSwiftUITests/Info.plist;
				LD_RUNPATH_SEARCH_PATHS = "$(inherited) @executable_path/Frameworks @loader_path/Frameworks";
				PRODUCT_BUNDLE_IDENTIFIER = com.cy.FitSwiftUITests;
				PRODUCT_NAME = "$(TARGET_NAME)";
				TEST_TARGET_NAME = FitSwift;
			};
			name = Release;
		};
/* End XCBuildConfiguration section */

/* Begin XCConfigurationList section */
		BF18F6DB1D47A9C1009E7649 /* Build configuration list for PBXProject "FitSwift" */ = {
			isa = XCConfigurationList;
			buildConfigurations = (
				BF18F7061D47A9C1009E7649 /* Debug */,
				BF18F7071D47A9C1009E7649 /* Release */,
			);
			defaultConfigurationIsVisible = 0;
			defaultConfigurationName = Release;
		};
		BF18F7081D47A9C1009E7649 /* Build configuration list for PBXNativeTarget "FitSwift" */ = {
			isa = XCConfigurationList;
			buildConfigurations = (
				BF18F7091D47A9C1009E7649 /* Debug */,
				BF18F70A1D47A9C1009E7649 /* Release */,
			);
			defaultConfigurationIsVisible = 0;
		};
		BF18F70B1D47A9C1009E7649 /* Build configuration list for PBXNativeTarget "FitSwiftTests" */ = {
			isa = XCConfigurationList;
			buildConfigurations = (
				BF18F70C1D47A9C1009E7649 /* Debug */,
				BF18F70D1D47A9C1009E7649 /* Release */,
			);
			defaultConfigurationIsVisible = 0;
		};
		BF18F70E1D47A9C1009E7649 /* Build configuration list for PBXNativeTarget "FitSwiftUITests" */ = {
			isa = XCConfigurationList;
			buildConfigurations = (
				BF18F70F1D47A9C1009E7649 /* Debug */,
				BF18F7101D47A9C1009E7649 /* Release */,
			);
			defaultConfigurationIsVisible = 0;
		};
/* End XCConfigurationList section */
	};
	rootObject = BF18F6D81D47A9C1009E7649 /* Project object */;
}
